
Microsoft Visual Studio Solution File, Format Version 11.00
# Visual Studio 2010
Project("{FAE04EC0-301F-11D3-BF4B-00C04F79EFBC}") = "PrintPdf", "PrintPdf\PrintPdf.csproj", "{DF2280CB-E038-4C95-BAF6-8E0089A22FCC}"
EndProject
Global
	GlobalSection(SolutionConfigurationPlatforms) = preSolution
		Debug|x86 = Debug|x86
		Release|x86 = Release|x86
	EndGlobalSection
	GlobalSection(ProjectConfigurationPlatforms) = postSolution
		{DF2280CB-E038-4C95-BAF6-8E0089A22FCC}.Debug|x86.ActiveCfg = Debug|x86
		{DF2280CB-E038-4C95-BAF6-8E0089A22FCC}.Debug|x86.Build.0 = Debug|x86
		{DF2280CB-E038-4C95-BAF6-8E0089A22FCC}.Release|x86.ActiveCfg = Release|x86
		{DF2280CB-E038-4C95-BAF6-8E0089A22FCC}.Release|x86.Build.0 = Release|x86
	EndGlobalSection
	GlobalSection(SolutionProperties) = preSolution
		HideSolutionNode = FALSE
	EndGlobalSection
EndGlobal
