
Microsoft Visual Studio Solution File, Format Version 10.00
# Visual Studio 2008
Project("{FAE04EC0-301F-11D3-BF4B-00C04F79EFBC}") = "trialDataApp", "trialDataApp\trialDataApp.csproj", "{AE8E2083-F6A5-419D-89C0-0DDAEE624C4E}"
EndProject
Global
	GlobalSection(SubversionScc) = preSolution
		Svn-Managed = True
		Manager = AnkhSVN - Subversion Support for Visual Studio
	EndGlobalSection
	GlobalSection(SolutionConfigurationPlatforms) = preSolution
		Debug|Any CPU = Debug|Any CPU
		Release|Any CPU = Release|Any CPU
	EndGlobalSection
	GlobalSection(ProjectConfigurationPlatforms) = postSolution
		{AE8E2083-F6A5-419D-89C0-0DDAEE624C4E}.Debug|Any CPU.ActiveCfg = Debug|Any CPU
		{AE8E2083-F6A5-419D-89C0-0DDAEE624C4E}.Debug|Any CPU.Build.0 = Debug|Any CPU
		{AE8E2083-F6A5-419D-89C0-0DDAEE624C4E}.Release|Any CPU.ActiveCfg = Release|Any CPU
		{AE8E2083-F6A5-419D-89C0-0DDAEE624C4E}.Release|Any CPU.Build.0 = Release|Any CPU
	EndGlobalSection
	GlobalSection(SolutionProperties) = preSolution
		HideSolutionNode = FALSE
	EndGlobalSection
EndGlobal
